// !$*UTF8*$!
{
	archiveVersion = 1;
	classes = {
	};
	objectVersion = 51;
	objects = {

/* Begin PBXBuildFile section */
		921CE12724AF2ED4005B93DD /* AppDelegate.swift in Sources */ = {isa = PBXBuildFile; fileRef = 921CE12624AF2ED4005B93DD /* AppDelegate.swift */; };
		921CE12924AF2ED4005B93DD /* SceneDelegate.swift in Sources */ = {isa = PBXBuildFile; fileRef = 921CE12824AF2ED4005B93DD /* SceneDelegate.swift */; };
		921CE12B24AF2ED4005B93DD /* AddresViewController.swift in Sources */ = {isa = PBXBuildFile; fileRef = 921CE12A24AF2ED4005B93DD /* AddresViewController.swift */; };
		921CE12E24AF2ED4005B93DD /* Main.storyboard in Resources */ = {isa = PBXBuildFile; fileRef = 921CE12C24AF2ED4005B93DD /* Main.storyboard */; };
		921CE13024AF2ED6005B93DD /* Assets.xcassets in Resources */ = {isa = PBXBuildFile; fileRef = 921CE12F24AF2ED6005B93DD /* Assets.xcassets */; };
		921CE13324AF2ED6005B93DD /* LaunchScreen.storyboard in Resources */ = {isa = PBXBuildFile; fileRef = 921CE13124AF2ED6005B93DD /* LaunchScreen.storyboard */; };
		9260AEB424C23B31008ABAE9 /* MenuViewModel.swift in Sources */ = {isa = PBXBuildFile; fileRef = 9260AEB324C23B31008ABAE9 /* MenuViewModel.swift */; };
		9260AEB924C23C98008ABAE9 /* BaseEntity.swift in Sources */ = {isa = PBXBuildFile; fileRef = 9260AEB824C23C98008ABAE9 /* BaseEntity.swift */; };
		9260AEBB24C23CAE008ABAE9 /* BaseCell.swift in Sources */ = {isa = PBXBuildFile; fileRef = 9260AEBA24C23CAE008ABAE9 /* BaseCell.swift */; };
		9260AEBF24C23E4C008ABAE9 /* MenuCell.swift in Sources */ = {isa = PBXBuildFile; fileRef = 9260AEBD24C23E4C008ABAE9 /* MenuCell.swift */; };
		9260AEC024C23E4C008ABAE9 /* MenuCell.xib in Resources */ = {isa = PBXBuildFile; fileRef = 9260AEBE24C23E4C008ABAE9 /* MenuCell.xib */; };
		92624F1024BF051800FAFDA0 /* AddressViewModel.swift in Sources */ = {isa = PBXBuildFile; fileRef = 92624F0F24BF051800FAFDA0 /* AddressViewModel.swift */; };
		92624F1224BF052800FAFDA0 /* CountryEntity.swift in Sources */ = {isa = PBXBuildFile; fileRef = 92624F1124BF052800FAFDA0 /* CountryEntity.swift */; };
		92624F1524BF056C00FAFDA0 /* RequestService.swift in Sources */ = {isa = PBXBuildFile; fileRef = 92624F1424BF056C00FAFDA0 /* RequestService.swift */; };
		92624F1824BF225600FAFDA0 /* AlertController.swift in Sources */ = {isa = PBXBuildFile; fileRef = 92624F1724BF225600FAFDA0 /* AlertController.swift */; };
		92DAECFF24C1D876000A551E /* MenuViewController.swift in Sources */ = {isa = PBXBuildFile; fileRef = 92DAECFE24C1D876000A551E /* MenuViewController.swift */; };
		92DAED0224C1D964000A551E /* PanelTransition.swift in Sources */ = {isa = PBXBuildFile; fileRef = 92DAED0124C1D964000A551E /* PanelTransition.swift */; };
		92DAED0424C1D985000A551E /* TransitionDriver.swift in Sources */ = {isa = PBXBuildFile; fileRef = 92DAED0324C1D985000A551E /* TransitionDriver.swift */; };
		92DAED0724C1D9D3000A551E /* PresentationController.swift in Sources */ = {isa = PBXBuildFile; fileRef = 92DAED0624C1D9D3000A551E /* PresentationController.swift */; };
		92DAED0924C1D9E4000A551E /* DimmPresentationController.swift in Sources */ = {isa = PBXBuildFile; fileRef = 92DAED0824C1D9E4000A551E /* DimmPresentationController.swift */; };
		92DAED0C24C1DA2B000A551E /* PresentAnimation.swift in Sources */ = {isa = PBXBuildFile; fileRef = 92DAED0B24C1DA2B000A551E /* PresentAnimation.swift */; };
		92DAED0E24C1DA51000A551E /* DismissAnimation.swift in Sources */ = {isa = PBXBuildFile; fileRef = 92DAED0D24C1DA51000A551E /* DismissAnimation.swift */; };
		92DAED1124C1DAA5000A551E /* CGPoint+Velocity.swift in Sources */ = {isa = PBXBuildFile; fileRef = 92DAED1024C1DAA5000A551E /* CGPoint+Velocity.swift */; };
		92DAED1324C1DAB6000A551E /* InstantPanGestureRecognizer.swift in Sources */ = {isa = PBXBuildFile; fileRef = 92DAED1224C1DAB6000A551E /* InstantPanGestureRecognizer.swift */; };
		BE7AC456203584352BCD190D /* Pods_RxTable.framework in Frameworks */ = {isa = PBXBuildFile; fileRef = 706EC2C02F663041854C2962 /* Pods_RxTable.framework */; };
/* End PBXBuildFile section */

/* Begin PBXFileReference section */
		706EC2C02F663041854C2962 /* Pods_RxTable.framework */ = {isa = PBXFileReference; explicitFileType = wrapper.framework; includeInIndex = 0; path = Pods_RxTable.framework; sourceTree = BUILT_PRODUCTS_DIR; };
		921CE12324AF2ED4005B93DD /* RxTable.app */ = {isa = PBXFileReference; explicitFileType = wrapper.application; includeInIndex = 0; path = RxTable.app; sourceTree = BUILT_PRODUCTS_DIR; };
		921CE12624AF2ED4005B93DD /* AppDelegate.swift */ = {isa = PBXFileReference; lastKnownFileType = sourcecode.swift; path = AppDelegate.swift; sourceTree = "<group>"; };
		921CE12824AF2ED4005B93DD /* SceneDelegate.swift */ = {isa = PBXFileReference; lastKnownFileType = sourcecode.swift; path = SceneDelegate.swift; sourceTree = "<group>"; };
		921CE12A24AF2ED4005B93DD /* AddresViewController.swift */ = {isa = PBXFileReference; lastKnownFileType = sourcecode.swift; path = AddresViewController.swift; sourceTree = "<group>"; };
		921CE12D24AF2ED4005B93DD /* Base */ = {isa = PBXFileReference; lastKnownFileType = file.storyboard; name = Base; path = Base.lproj/Main.storyboard; sourceTree = "<group>"; };
		921CE12F24AF2ED6005B93DD /* Assets.xcassets */ = {isa = PBXFileReference; lastKnownFileType = folder.assetcatalog; path = Assets.xcassets; sourceTree = "<group>"; };
		921CE13224AF2ED6005B93DD /* Base */ = {isa = PBXFileReference; lastKnownFileType = file.storyboard; name = Base; path = Base.lproj/LaunchScreen.storyboard; sourceTree = "<group>"; };
		921CE13424AF2ED6005B93DD /* Info.plist */ = {isa = PBXFileReference; lastKnownFileType = text.plist.xml; path = Info.plist; sourceTree = "<group>"; };
		9260AEB324C23B31008ABAE9 /* MenuViewModel.swift */ = {isa = PBXFileReference; lastKnownFileType = sourcecode.swift; path = MenuViewModel.swift; sourceTree = "<group>"; };
		9260AEB824C23C98008ABAE9 /* BaseEntity.swift */ = {isa = PBXFileReference; lastKnownFileType = sourcecode.swift; path = BaseEntity.swift; sourceTree = "<group>"; };
		9260AEBA24C23CAE008ABAE9 /* BaseCell.swift */ = {isa = PBXFileReference; lastKnownFileType = sourcecode.swift; path = BaseCell.swift; sourceTree = "<group>"; };
		9260AEBD24C23E4C008ABAE9 /* MenuCell.swift */ = {isa = PBXFileReference; lastKnownFileType = sourcecode.swift; path = MenuCell.swift; sourceTree = "<group>"; };
		9260AEBE24C23E4C008ABAE9 /* MenuCell.xib */ = {isa = PBXFileReference; lastKnownFileType = file.xib; path = MenuCell.xib; sourceTree = "<group>"; };
		92624F0F24BF051800FAFDA0 /* AddressViewModel.swift */ = {isa = PBXFileReference; lastKnownFileType = sourcecode.swift; path = AddressViewModel.swift; sourceTree = "<group>"; };
		92624F1124BF052800FAFDA0 /* CountryEntity.swift */ = {isa = PBXFileReference; lastKnownFileType = sourcecode.swift; path = CountryEntity.swift; sourceTree = "<group>"; };
		92624F1424BF056C00FAFDA0 /* RequestService.swift */ = {isa = PBXFileReference; lastKnownFileType = sourcecode.swift; path = RequestService.swift; sourceTree = "<group>"; };
		92624F1724BF225600FAFDA0 /* AlertController.swift */ = {isa = PBXFileReference; lastKnownFileType = sourcecode.swift; path = AlertController.swift; sourceTree = "<group>"; };
		92DAECFE24C1D876000A551E /* MenuViewController.swift */ = {isa = PBXFileReference; lastKnownFileType = sourcecode.swift; path = MenuViewController.swift; sourceTree = "<group>"; };
		92DAED0124C1D964000A551E /* PanelTransition.swift */ = {isa = PBXFileReference; lastKnownFileType = sourcecode.swift; path = PanelTransition.swift; sourceTree = "<group>"; };
		92DAED0324C1D985000A551E /* TransitionDriver.swift */ = {isa = PBXFileReference; lastKnownFileType = sourcecode.swift; path = TransitionDriver.swift; sourceTree = "<group>"; };
		92DAED0624C1D9D3000A551E /* PresentationController.swift */ = {isa = PBXFileReference; lastKnownFileType = sourcecode.swift; path = PresentationController.swift; sourceTree = "<group>"; };
		92DAED0824C1D9E4000A551E /* DimmPresentationController.swift */ = {isa = PBXFileReference; lastKnownFileType = sourcecode.swift; path = DimmPresentationController.swift; sourceTree = "<group>"; };
		92DAED0B24C1DA2B000A551E /* PresentAnimation.swift */ = {isa = PBXFileReference; lastKnownFileType = sourcecode.swift; path = PresentAnimation.swift; sourceTree = "<group>"; };
		92DAED0D24C1DA51000A551E /* DismissAnimation.swift */ = {isa = PBXFileReference; lastKnownFileType = sourcecode.swift; path = DismissAnimation.swift; sourceTree = "<group>"; };
		92DAED1024C1DAA5000A551E /* CGPoint+Velocity.swift */ = {isa = PBXFileReference; lastKnownFileType = sourcecode.swift; path = "CGPoint+Velocity.swift"; sourceTree = "<group>"; };
		92DAED1224C1DAB6000A551E /* InstantPanGestureRecognizer.swift */ = {isa = PBXFileReference; lastKnownFileType = sourcecode.swift; path = InstantPanGestureRecognizer.swift; sourceTree = "<group>"; };
		A9594083E1CE98908A5D3662 /* Pods-RxTable.release.xcconfig */ = {isa = PBXFileReference; includeInIndex = 1; lastKnownFileType = text.xcconfig; name = "Pods-RxTable.release.xcconfig"; path = "Target Support Files/Pods-RxTable/Pods-RxTable.release.xcconfig"; sourceTree = "<group>"; };
		FB33E5BB636F81145356EFAE /* Pods-RxTable.debug.xcconfig */ = {isa = PBXFileReference; includeInIndex = 1; lastKnownFileType = text.xcconfig; name = "Pods-RxTable.debug.xcconfig"; path = "Target Support Files/Pods-RxTable/Pods-RxTable.debug.xcconfig"; sourceTree = "<group>"; };
/* End PBXFileReference section */

/* Begin PBXFrameworksBuildPhase section */
		921CE12024AF2ED4005B93DD /* Frameworks */ = {
			isa = PBXFrameworksBuildPhase;
			buildActionMask = 2147483647;
			files = (
				BE7AC456203584352BCD190D /* Pods_RxTable.framework in Frameworks */,
			);
			runOnlyForDeploymentPostprocessing = 0;
		};
/* End PBXFrameworksBuildPhase section */

/* Begin PBXGroup section */
		2DE4F6BAF505813FD034E68F /* Frameworks */ = {
			isa = PBXGroup;
			children = (
				706EC2C02F663041854C2962 /* Pods_RxTable.framework */,
			);
			name = Frameworks;
			sourceTree = "<group>";
		};
		804E97CD27EA10746FE62047 /* Pods */ = {
			isa = PBXGroup;
			children = (
				FB33E5BB636F81145356EFAE /* Pods-RxTable.debug.xcconfig */,
				A9594083E1CE98908A5D3662 /* Pods-RxTable.release.xcconfig */,
			);
			path = Pods;
			sourceTree = "<group>";
		};
		921CE11A24AF2ED4005B93DD = {
			isa = PBXGroup;
			children = (
				921CE12524AF2ED4005B93DD /* RxTable */,
				921CE12424AF2ED4005B93DD /* Products */,
				804E97CD27EA10746FE62047 /* Pods */,
				2DE4F6BAF505813FD034E68F /* Frameworks */,
			);
			sourceTree = "<group>";
		};
		921CE12424AF2ED4005B93DD /* Products */ = {
			isa = PBXGroup;
			children = (
				921CE12324AF2ED4005B93DD /* RxTable.app */,
			);
			name = Products;
			sourceTree = "<group>";
		};
		921CE12524AF2ED4005B93DD /* RxTable */ = {
			isa = PBXGroup;
			children = (
				9260AEB524C23C64008ABAE9 /* Base */,
				92624F1624BF224900FAFDA0 /* Extension */,
				92624F1324BF055600FAFDA0 /* Service */,
				92624F0E24BF04EB00FAFDA0 /* Model */,
				92624F0D24BF04E000FAFDA0 /* ViewModel */,
				92624F0C24BF04D400FAFDA0 /* View */,
				92DAECF524C1B78E000A551E /* Menu */,
				921CE12624AF2ED4005B93DD /* AppDelegate.swift */,
				921CE12824AF2ED4005B93DD /* SceneDelegate.swift */,
				921CE12C24AF2ED4005B93DD /* Main.storyboard */,
				921CE12F24AF2ED6005B93DD /* Assets.xcassets */,
				921CE13124AF2ED6005B93DD /* LaunchScreen.storyboard */,
				921CE13424AF2ED6005B93DD /* Info.plist */,
			);
			path = RxTable;
			sourceTree = "<group>";
		};
		9260AEB524C23C64008ABAE9 /* Base */ = {
			isa = PBXGroup;
			children = (
				9260AEB724C23C88008ABAE9 /* BaseCell */,
				9260AEB624C23C6D008ABAE9 /* BaseEntity */,
			);
			path = Base;
			sourceTree = "<group>";
		};
		9260AEB624C23C6D008ABAE9 /* BaseEntity */ = {
			isa = PBXGroup;
			children = (
				9260AEB824C23C98008ABAE9 /* BaseEntity.swift */,
			);
			path = BaseEntity;
			sourceTree = "<group>";
		};
		9260AEB724C23C88008ABAE9 /* BaseCell */ = {
			isa = PBXGroup;
			children = (
				9260AEBA24C23CAE008ABAE9 /* BaseCell.swift */,
			);
			path = BaseCell;
			sourceTree = "<group>";
		};
		9260AEBC24C23E28008ABAE9 /* MenuCell */ = {
			isa = PBXGroup;
			children = (
				9260AEBD24C23E4C008ABAE9 /* MenuCell.swift */,
				9260AEBE24C23E4C008ABAE9 /* MenuCell.xib */,
			);
			path = MenuCell;
			sourceTree = "<group>";
		};
		92624F0C24BF04D400FAFDA0 /* View */ = {
			isa = PBXGroup;
			children = (
				921CE12A24AF2ED4005B93DD /* AddresViewController.swift */,
				92DAECFE24C1D876000A551E /* MenuViewController.swift */,
				9260AEBC24C23E28008ABAE9 /* MenuCell */,
			);
			path = View;
			sourceTree = "<group>";
		};
		92624F0D24BF04E000FAFDA0 /* ViewModel */ = {
			isa = PBXGroup;
			children = (
				92624F0F24BF051800FAFDA0 /* AddressViewModel.swift */,
				9260AEB324C23B31008ABAE9 /* MenuViewModel.swift */,
			);
			path = ViewModel;
			sourceTree = "<group>";
		};
		92624F0E24BF04EB00FAFDA0 /* Model */ = {
			isa = PBXGroup;
			children = (
				92624F1124BF052800FAFDA0 /* CountryEntity.swift */,
			);
			path = Model;
			sourceTree = "<group>";
		};
		92624F1324BF055600FAFDA0 /* Service */ = {
			isa = PBXGroup;
			children = (
				92624F1424BF056C00FAFDA0 /* RequestService.swift */,
			);
			path = Service;
			sourceTree = "<group>";
		};
		92624F1624BF224900FAFDA0 /* Extension */ = {
			isa = PBXGroup;
			children = (
				92624F1724BF225600FAFDA0 /* AlertController.swift */,
			);
			path = Extension;
			sourceTree = "<group>";
		};
		92DAECF524C1B78E000A551E /* Menu */ = {
			isa = PBXGroup;
			children = (
				92DAED0024C1D941000A551E /* Transation */,
				92DAED0524C1D9B3000A551E /* Presentation */,
				92DAED0A24C1DA11000A551E /* Animations */,
				92DAED0F24C1DA6B000A551E /* Gestures */,
			);
			path = Menu;
			sourceTree = "<group>";
		};
		92DAED0024C1D941000A551E /* Transation */ = {
			isa = PBXGroup;
			children = (
				92DAED0124C1D964000A551E /* PanelTransition.swift */,
				92DAED0324C1D985000A551E /* TransitionDriver.swift */,
			);
			path = Transation;
			sourceTree = "<group>";
		};
		92DAED0524C1D9B3000A551E /* Presentation */ = {
			isa = PBXGroup;
			children = (
				92DAED0624C1D9D3000A551E /* PresentationController.swift */,
				92DAED0824C1D9E4000A551E /* DimmPresentationController.swift */,
			);
			path = Presentation;
			sourceTree = "<group>";
		};
		92DAED0A24C1DA11000A551E /* Animations */ = {
			isa = PBXGroup;
			children = (
				92DAED0B24C1DA2B000A551E /* PresentAnimation.swift */,
				92DAED0D24C1DA51000A551E /* DismissAnimation.swift */,
			);
			path = Animations;
			sourceTree = "<group>";
		};
		92DAED0F24C1DA6B000A551E /* Gestures */ = {
			isa = PBXGroup;
			children = (
				92DAED1024C1DAA5000A551E /* CGPoint+Velocity.swift */,
				92DAED1224C1DAB6000A551E /* InstantPanGestureRecognizer.swift */,
			);
			path = Gestures;
			sourceTree = "<group>";
		};
/* End PBXGroup section */

/* Begin PBXNativeTarget section */
		921CE12224AF2ED4005B93DD /* RxTable */ = {
			isa = PBXNativeTarget;
			buildConfigurationList = 921CE13724AF2ED6005B93DD /* Build configuration list for PBXNativeTarget "RxTable" */;
			buildPhases = (
				444406602F930D1EF38A1115 /* [CP] Check Pods Manifest.lock */,
				921CE11F24AF2ED4005B93DD /* Sources */,
				921CE12024AF2ED4005B93DD /* Frameworks */,
				921CE12124AF2ED4005B93DD /* Resources */,
				94D56DB6143A2A665D9A4A6E /* [CP] Embed Pods Frameworks */,
			);
			buildRules = (
			);
			dependencies = (
			);
			name = RxTable;
			productName = RxTable;
			productReference = 921CE12324AF2ED4005B93DD /* RxTable.app */;
			productType = "com.apple.product-type.application";
		};
/* End PBXNativeTarget section */

/* Begin PBXProject section */
		921CE11B24AF2ED4005B93DD /* Project object */ = {
			isa = PBXProject;
			attributes = {
				LastSwiftUpdateCheck = 1150;
				LastUpgradeCheck = 1150;
				ORGANIZATIONNAME = ViacheslavSavitsky;
				TargetAttributes = {
					921CE12224AF2ED4005B93DD = {
						CreatedOnToolsVersion = 11.5;
					};
				};
			};
			buildConfigurationList = 921CE11E24AF2ED4005B93DD /* Build configuration list for PBXProject "RxTable" */;
			compatibilityVersion = "Xcode 9.3";
			developmentRegion = en;
			hasScannedForEncodings = 0;
			knownRegions = (
				en,
				Base,
			);
			mainGroup = 921CE11A24AF2ED4005B93DD;
			productRefGroup = 921CE12424AF2ED4005B93DD /* Products */;
			projectDirPath = "";
			projectRoot = "";
			targets = (
				921CE12224AF2ED4005B93DD /* RxTable */,
			);
		};
/* End PBXProject section */

/* Begin PBXResourcesBuildPhase section */
		921CE12124AF2ED4005B93DD /* Resources */ = {
			isa = PBXResourcesBuildPhase;
			buildActionMask = 2147483647;
			files = (
				921CE13324AF2ED6005B93DD /* LaunchScreen.storyboard in Resources */,
				921CE13024AF2ED6005B93DD /* Assets.xcassets in Resources */,
				9260AEC024C23E4C008ABAE9 /* MenuCell.xib in Resources */,
				921CE12E24AF2ED4005B93DD /* Main.storyboard in Resources */,
			);
			runOnlyForDeploymentPostprocessing = 0;
		};
/* End PBXResourcesBuildPhase section */

/* Begin PBXShellScriptBuildPhase section */
		444406602F930D1EF38A1115 /* [CP] Check Pods Manifest.lock */ = {
			isa = PBXShellScriptBuildPhase;
			buildActionMask = 2147483647;
			files = (
			);
			inputFileListPaths = (
			);
			inputPaths = (
				"${PODS_PODFILE_DIR_PATH}/Podfile.lock",
				"${PODS_ROOT}/Manifest.lock",
			);
			name = "[CP] Check Pods Manifest.lock";
			outputFileListPaths = (
			);
			outputPaths = (
				"$(DERIVED_FILE_DIR)/Pods-RxTable-checkManifestLockResult.txt",
			);
			runOnlyForDeploymentPostprocessing = 0;
			shellPath = /bin/sh;
			shellScript = "diff \"${PODS_PODFILE_DIR_PATH}/Podfile.lock\" \"${PODS_ROOT}/Manifest.lock\" > /dev/null\nif [ $? != 0 ] ; then\n    # print error to STDERR\n    echo \"error: The sandbox is not in sync with the Podfile.lock. Run 'pod install' or update your CocoaPods installation.\" >&2\n    exit 1\nfi\n# This output is used by Xcode 'outputs' to avoid re-running this script phase.\necho \"SUCCESS\" > \"${SCRIPT_OUTPUT_FILE_0}\"\n";
			showEnvVarsInLog = 0;
		};
		94D56DB6143A2A665D9A4A6E /* [CP] Embed Pods Frameworks */ = {
			isa = PBXShellScriptBuildPhase;
			buildActionMask = 2147483647;
			files = (
			);
			inputFileListPaths = (
				"${PODS_ROOT}/Target Support Files/Pods-RxTable/Pods-RxTable-frameworks-${CONFIGURATION}-input-files.xcfilelist",
			);
			name = "[CP] Embed Pods Frameworks";
			outputFileListPaths = (
				"${PODS_ROOT}/Target Support Files/Pods-RxTable/Pods-RxTable-frameworks-${CONFIGURATION}-output-files.xcfilelist",
			);
			runOnlyForDeploymentPostprocessing = 0;
			shellPath = /bin/sh;
			shellScript = "\"${PODS_ROOT}/Target Support Files/Pods-RxTable/Pods-RxTable-frameworks.sh\"\n";
			showEnvVarsInLog = 0;
		};
/* End PBXShellScriptBuildPhase section */

/* Begin PBXSourcesBuildPhase section */
		921CE11F24AF2ED4005B93DD /* Sources */ = {
			isa = PBXSourcesBuildPhase;
			buildActionMask = 2147483647;
			files = (
				9260AEBB24C23CAE008ABAE9 /* BaseCell.swift in Sources */,
				92DAED0924C1D9E4000A551E /* DimmPresentationController.swift in Sources */,
				9260AEB924C23C98008ABAE9 /* BaseEntity.swift in Sources */,
				921CE12B24AF2ED4005B93DD /* AddresViewController.swift in Sources */,
				92624F1524BF056C00FAFDA0 /* RequestService.swift in Sources */,
				921CE12724AF2ED4005B93DD /* AppDelegate.swift in Sources */,
				9260AEBF24C23E4C008ABAE9 /* MenuCell.swift in Sources */,
				92DAED0724C1D9D3000A551E /* PresentationController.swift in Sources */,
				92DAED1124C1DAA5000A551E /* CGPoint+Velocity.swift in Sources */,
				92624F1024BF051800FAFDA0 /* AddressViewModel.swift in Sources */,
				92624F1824BF225600FAFDA0 /* AlertController.swift in Sources */,
				92DAED0E24C1DA51000A551E /* DismissAnimation.swift in Sources */,
				92DAED1324C1DAB6000A551E /* InstantPanGestureRecognizer.swift in Sources */,
				921CE12924AF2ED4005B93DD /* SceneDelegate.swift in Sources */,
				92DAED0424C1D985000A551E /* TransitionDriver.swift in Sources */,
				92624F1224BF052800FAFDA0 /* CountryEntity.swift in Sources */,
				92DAECFF24C1D876000A551E /* MenuViewController.swift in Sources */,
				9260AEB424C23B31008ABAE9 /* MenuViewModel.swift in Sources */,
				92DAED0C24C1DA2B000A551E /* PresentAnimation.swift in Sources */,
				92DAED0224C1D964000A551E /* PanelTransition.swift in Sources */,
			);
			runOnlyForDeploymentPostprocessing = 0;
		};
/* End PBXSourcesBuildPhase section */

/* Begin PBXVariantGroup section */
		921CE12C24AF2ED4005B93DD /* Main.storyboard */ = {
			isa = PBXVariantGroup;
			children = (
				921CE12D24AF2ED4005B93DD /* Base */,
			);
			name = Main.storyboard;
			sourceTree = "<group>";
		};
		921CE13124AF2ED6005B93DD /* LaunchScreen.storyboard */ = {
			isa = PBXVariantGroup;
			children = (
				921CE13224AF2ED6005B93DD /* Base */,
			);
			name = LaunchScreen.storyboard;
			sourceTree = "<group>";
		};
/* End PBXVariantGroup section */

/* Begin XCBuildConfiguration section */
		921CE13524AF2ED6005B93DD /* Debug */ = {
			isa = XCBuildConfiguration;
			buildSettings = {
				ALWAYS_SEARCH_USER_PATHS = NO;
				CLANG_ANALYZER_NONNULL = YES;
				CLANG_ANALYZER_NUMBER_OBJECT_CONVERSION = YES_AGGRESSIVE;
				CLANG_CXX_LANGUAGE_STANDARD = "gnu++14";
				CLANG_CXX_LIBRARY = "libc++";
				CLANG_ENABLE_MODULES = YES;
				CLANG_ENABLE_OBJC_ARC = YES;
				CLANG_ENABLE_OBJC_WEAK = YES;
				CLANG_WARN_BLOCK_CAPTURE_AUTORELEASING = YES;
				CLANG_WARN_BOOL_CONVERSION = YES;
				CLANG_WARN_COMMA = YES;
				CLANG_WARN_CONSTANT_CONVERSION = YES;
				CLANG_WARN_DEPRECATED_OBJC_IMPLEMENTATIONS = YES;
				CLANG_WARN_DIRECT_OBJC_ISA_USAGE = YES_ERROR;
				CLANG_WARN_DOCUMENTATION_COMMENTS = YES;
				CLANG_WARN_EMPTY_BODY = YES;
				CLANG_WARN_ENUM_CONVERSION = YES;
				CLANG_WARN_INFINITE_RECURSION = YES;
				CLANG_WARN_INT_CONVERSION = YES;
				CLANG_WARN_NON_LITERAL_NULL_CONVERSION = YES;
				CLANG_WARN_OBJC_IMPLICIT_RETAIN_SELF = YES;
				CLANG_WARN_OBJC_LITERAL_CONVERSION = YES;
				CLANG_WARN_OBJC_ROOT_CLASS = YES_ERROR;
				CLANG_WARN_RANGE_LOOP_ANALYSIS = YES;
				CLANG_WARN_STRICT_PROTOTYPES = YES;
				CLANG_WARN_SUSPICIOUS_MOVE = YES;
				CLANG_WARN_UNGUARDED_AVAILABILITY = YES_AGGRESSIVE;
				CLANG_WARN_UNREACHABLE_CODE = YES;
				CLANG_WARN__DUPLICATE_METHOD_MATCH = YES;
				COPY_PHASE_STRIP = NO;
				DEBUG_INFORMATION_FORMAT = dwarf;
				ENABLE_STRICT_OBJC_MSGSEND = YES;
				ENABLE_TESTABILITY = YES;
				GCC_C_LANGUAGE_STANDARD = gnu11;
				GCC_DYNAMIC_NO_PIC = NO;
				GCC_NO_COMMON_BLOCKS = YES;
				GCC_OPTIMIZATION_LEVEL = 0;
				GCC_PREPROCESSOR_DEFINITIONS = (
					"DEBUG=1",
					"$(inherited)",
				);
				GCC_WARN_64_TO_32_BIT_CONVERSION = YES;
				GCC_WARN_ABOUT_RETURN_TYPE = YES_ERROR;
				GCC_WARN_UNDECLARED_SELECTOR = YES;
				GCC_WARN_UNINITIALIZED_AUTOS = YES_AGGRESSIVE;
				GCC_WARN_UNUSED_FUNCTION = YES;
				GCC_WARN_UNUSED_VARIABLE = YES;
				IPHONEOS_DEPLOYMENT_TARGET = 13.5;
				MTL_ENABLE_DEBUG_INFO = INCLUDE_SOURCE;
				MTL_FAST_MATH = YES;
				ONLY_ACTIVE_ARCH = YES;
				SDKROOT = iphoneos;
				SWIFT_ACTIVE_COMPILATION_CONDITIONS = DEBUG;
				SWIFT_OPTIMIZATION_LEVEL = "-Onone";
			};
			name = Debug;
		};
		921CE13624AF2ED6005B93DD /* Release */ = {
			isa = XCBuildConfiguration;
			buildSettings = {
				ALWAYS_SEARCH_USER_PATHS = NO;
				CLANG_ANALYZER_NONNULL = YES;
				CLANG_ANALYZER_NUMBER_OBJECT_CONVERSION = YES_AGGRESSIVE;
				CLANG_CXX_LANGUAGE_STANDARD = "gnu++14";
				CLANG_CXX_LIBRARY = "libc++";
				CLANG_ENABLE_MODULES = YES;
				CLANG_ENABLE_OBJC_ARC = YES;
				CLANG_ENABLE_OBJC_WEAK = YES;
				CLANG_WARN_BLOCK_CAPTURE_AUTORELEASING = YES;
				CLANG_WARN_BOOL_CONVERSION = YES;
				CLANG_WARN_COMMA = YES;
				CLANG_WARN_CONSTANT_CONVERSION = YES;
				CLANG_WARN_DEPRECATED_OBJC_IMPLEMENTATIONS = YES;
				CLANG_WARN_DIRECT_OBJC_ISA_USAGE = YES_ERROR;
				CLANG_WARN_DOCUMENTATION_COMMENTS = YES;
				CLANG_WARN_EMPTY_BODY = YES;
				CLANG_WARN_ENUM_CONVERSION = YES;
				CLANG_WARN_INFINITE_RECURSION = YES;
				CLANG_WARN_INT_CONVERSION = YES;
				CLANG_WARN_NON_LITERAL_NULL_CONVERSION = YES;
				CLANG_WARN_OBJC_IMPLICIT_RETAIN_SELF = YES;
				CLANG_WARN_OBJC_LITERAL_CONVERSION = YES;
				CLANG_WARN_OBJC_ROOT_CLASS = YES_ERROR;
				CLANG_WARN_RANGE_LOOP_ANALYSIS = YES;
				CLANG_WARN_STRICT_PROTOTYPES = YES;
				CLANG_WARN_SUSPICIOUS_MOVE = YES;
				CLANG_WARN_UNGUARDED_AVAILABILITY = YES_AGGRESSIVE;
				CLANG_WARN_UNREACHABLE_CODE = YES;
				CLANG_WARN__DUPLICATE_METHOD_MATCH = YES;
				COPY_PHASE_STRIP = NO;
				DEBUG_INFORMATION_FORMAT = "dwarf-with-dsym";
				ENABLE_NS_ASSERTIONS = NO;
				ENABLE_STRICT_OBJC_MSGSEND = YES;
				GCC_C_LANGUAGE_STANDARD = gnu11;
				GCC_NO_COMMON_BLOCKS = YES;
				GCC_WARN_64_TO_32_BIT_CONVERSION = YES;
				GCC_WARN_ABOUT_RETURN_TYPE = YES_ERROR;
				GCC_WARN_UNDECLARED_SELECTOR = YES;
				GCC_WARN_UNINITIALIZED_AUTOS = YES_AGGRESSIVE;
				GCC_WARN_UNUSED_FUNCTION = YES;
				GCC_WARN_UNUSED_VARIABLE = YES;
				IPHONEOS_DEPLOYMENT_TARGET = 13.5;
				MTL_ENABLE_DEBUG_INFO = NO;
				MTL_FAST_MATH = YES;
				SDKROOT = iphoneos;
				SWIFT_COMPILATION_MODE = wholemodule;
				SWIFT_OPTIMIZATION_LEVEL = "-O";
				VALIDATE_PRODUCT = YES;
			};
			name = Release;
		};
		921CE13824AF2ED6005B93DD /* Debug */ = {
			isa = XCBuildConfiguration;
			baseConfigurationReference = FB33E5BB636F81145356EFAE /* Pods-RxTable.debug.xcconfig */;
			buildSettings = {
				ASSETCATALOG_COMPILER_APPICON_NAME = AppIcon;
				CODE_SIGN_STYLE = Automatic;
				DEVELOPMENT_TEAM = H9X3NJANTM;
				INFOPLIST_FILE = RxTable/Info.plist;
				LD_RUNPATH_SEARCH_PATHS = (
					"$(inherited)",
					"@executable_path/Frameworks",
				);
				PRODUCT_BUNDLE_IDENTIFIER = ViacheslavSavitsky.RxTable;
				PRODUCT_NAME = "$(TARGET_NAME)";
				SWIFT_VERSION = 5.0;
				TARGETED_DEVICE_FAMILY = "1,2";
			};
			name = Debug;
		};
		921CE13924AF2ED6005B93DD /* Release */ = {
			isa = XCBuildConfiguration;
			baseConfigurationReference = A9594083E1CE98908A5D3662 /* Pods-RxTable.release.xcconfig */;
			buildSettings = {
				ASSETCATALOG_COMPILER_APPICON_NAME = AppIcon;
				CODE_SIGN_STYLE = Automatic;
				DEVELOPMENT_TEAM = H9X3NJANTM;
				INFOPLIST_FILE = RxTable/Info.plist;
				LD_RUNPATH_SEARCH_PATHS = (
					"$(inherited)",
					"@executable_path/Frameworks",
				);
				PRODUCT_BUNDLE_IDENTIFIER = ViacheslavSavitsky.RxTable;
				PRODUCT_NAME = "$(TARGET_NAME)";
				SWIFT_VERSION = 5.0;
				TARGETED_DEVICE_FAMILY = "1,2";
			};
			name = Release;
		};
/* End XCBuildConfiguration section */

/* Begin XCConfigurationList section */
		921CE11E24AF2ED4005B93DD /* Build configuration list for PBXProject "RxTable" */ = {
			isa = XCConfigurationList;
			buildConfigurations = (
				921CE13524AF2ED6005B93DD /* Debug */,
				921CE13624AF2ED6005B93DD /* Release */,
			);
			defaultConfigurationIsVisible = 0;
			defaultConfigurationName = Release;
		};
		921CE13724AF2ED6005B93DD /* Build configuration list for PBXNativeTarget "RxTable" */ = {
			isa = XCConfigurationList;
			buildConfigurations = (
				921CE13824AF2ED6005B93DD /* Debug */,
				921CE13924AF2ED6005B93DD /* Release */,
			);
			defaultConfigurationIsVisible = 0;
			defaultConfigurationName = Release;
		};
/* End XCConfigurationList section */
	};
	rootObject = 921CE11B24AF2ED4005B93DD /* Project object */;
}
